# This file was autogenerated by Stack.
# You should not edit this file by hand.
# For more information, please see the documentation at:
#   https://docs.haskellstack.org/en/stable/lock_files

packages:
- completed:
    hackage: slick-1.0.0.0@sha256:3139416cdc36e64ca87e79b4e1a9eb3c67cd02e83305916bf2d4bf7513dd3b11,1307
    pantry-tree:
      size: 601
      sha256: 792dfdb3ab701760d954ceab020397135e1265b7126979cafe9b0edd8e586d6e
  original:
    hackage: slick-1.0.0.0
- completed:
    hackage: hasmin-1.0.3@sha256:9bf0a7ad1531407ee7940f204d4a33624b94dae6dd48d7d5c3ba6071e637b9a7,7736
    pantry-tree:
      size: 4699
      sha256: cb5a75d11fc4303d5fd400dd2a7198ef1dd8abef6770a22a9a782cc0b77ee0cd
  original:
    hackage: hasmin-1.0.3
- completed:
    hackage: pandoc-emphasize-code-0.2.4@sha256:1d5fda15f841b701aefab9504eaa39dd64995d66f65ef806c5e432f758380018,2941
    pantry-tree:
      size: 1507
      sha256: c4a151c17e8ffbfe4c76ac7b84ad8789bd990d7e67efd9d8ce748ab0d05b66b9
  original:
    hackage: pandoc-emphasize-code-0.2.4
snapshots:
- completed:
    size: 545658
    url: https://raw.githubusercontent.com/commercialhaskell/stackage-snapshots/master/lts/14/12.yaml
    sha256: 26b807457213126d26b595439d705dc824dbb7618b0de6b900adc2bf6a059406
  original: lts-14.12
